<?xml version="1.0" encoding="utf-8"?>
<Project ToolsVersion="4.0" xmlns="http://schemas.microsoft.com/developer/msbuild/2003">
  <ItemGroup>
    <Filter Include="src">
      <UniqueIdentifier>{4FC737F1-C7A5-4376-A066-2A32D752A2FF}</UniqueIdentifier>
      <Extensions>cpp;c;cc;cxx;def;odl;idl;hpj;bat;asm;asmx</Extensions>
    </Filter>
    <Filter Include="header">
      <UniqueIdentifier>{93995380-89BD-4b04-88EB-625FBE52EBFB}</UniqueIdentifier>
      <Extensions>h;hh;hpp;hxx;hm;inl;inc;ipp;xsd</Extensions>
    </Filter>
    <Filter Include="header\tetengo::trie">
      <UniqueIdentifier>{948d10b7-4eb4-4705-b914-da4ac4bba7b2}</UniqueIdentifier>
    </Filter>
  </ItemGroup>
  <ItemGroup>
    <ClCompile Include="src\tetengo.trie.double_array.cpp">
      <Filter>src</Filter>
    </ClCompile>
    <ClCompile Include="..\..\precompiled\precompiled.cpp">
      <Filter>src</Filter>
    </ClCompile>
    <ClCompile Include="src\tetengo.trie.double_array_builder.cpp">
      <Filter>src</Filter>
    </ClCompile>
    <ClCompile Include="src\tetengo.trie.storage.cpp">
      <Filter>src</Filter>
    </ClCompile>
    <ClCompile Include="src\tetengo.trie.memory_storage.cpp">
      <Filter>src</Filter>
    </ClCompile>
    <ClCompile Include="src\tetengo.trie.shared_storage.cpp">
      <Filter>src</Filter>
    </ClCompile>
    <ClCompile Include="src\tetengo.trie.default_serializer.cpp">
      <Filter>src</Filter>
    </ClCompile>
    <ClCompile Include="src\tetengo.trie.trie.cpp">
      <Filter>src</Filter>
    </ClCompile>
    <ClCompile Include="src\tetengo.trie.double_array_enumerator.cpp">
      <Filter>src</Filter>
    </ClCompile>
  </ItemGroup>
  <ItemGroup>
    <ClInclude Include="..\..\precompiled\precompiled.hpp">
      <Filter>src</Filter>
    </ClInclude>
    <ClInclude Include="include\tetengo\trie\double_array.hpp">
      <Filter>header\tetengo::trie</Filter>
    </ClInclude>
    <ClInclude Include="src\tetengo.trie.double_array_builder.hpp">
      <Filter>src</Filter>
    </ClInclude>
    <ClInclude Include="include\tetengo\trie\storage.hpp">
      <Filter>header\tetengo::trie</Filter>
    </ClInclude>
    <ClInclude Include="include\tetengo\trie\memory_storage.hpp">
      <Filter>header\tetengo::trie</Filter>
    </ClInclude>
    <ClInclude Include="include\tetengo\trie\shared_storage.hpp">
      <Filter>header\tetengo::trie</Filter>
    </ClInclude>
    <ClInclude Include="include\tetengo\trie\default_serializer.hpp">
      <Filter>header\tetengo::trie</Filter>
    </ClInclude>
    <ClInclude Include="include\tetengo\trie\trie.hpp">
      <Filter>header\tetengo::trie</Filter>
    </ClInclude>
    <ClInclude Include="include\tetengo\trie\double_array_enumerator.hpp">
      <Filter>header\tetengo::trie</Filter>
    </ClInclude>
  </ItemGroup>
  <ItemGroup>
    <None Include="include\tetengo\trie\0namespace.dox">
      <Filter>header\tetengo::trie</Filter>
    </None>
  </ItemGroup>
</Project>