
Microsoft Visual Studio Solution File, Format Version 12.00
# Visual Studio Version 16
VisualStudioVersion = 16.0.29201.188
MinimumVisualStudioVersion = 10.0.40219.1
Project("{2150E333-8FDC-42A3-9474-1A3956D46DE8}") = "trie", "trie", "{61A0CE42-96A0-4578-A035-17D62CE4A691}"
EndProject
Project("{2150E333-8FDC-42A3-9474-1A3956D46DE8}") = "library", "library", "{43A6A26D-0B13-4B60-9DBD-6113E56F9E76}"
EndProject
Project("{2150E333-8FDC-42A3-9474-1A3956D46DE8}") = "executable", "executable", "{721A442D-34D8-457A-8D07-D21EB2C6A04C}"
EndProject
Project("{8BC9CEB8-8B4A-11D0-8D11-00A0C91BC942}") = "search_dict", "executable\search_dict\search_dict.vcxproj", "{15803B5C-8845-4325-819B-B09E40B8826E}"
EndProject
Project("{8BC9CEB8-8B4A-11D0-8D11-00A0C91BC942}") = "make_dict", "executable\make_dict\make_dict.vcxproj", "{D23815A4-4916-4C12-8DFA-CF6F4A8E51BB}"
EndProject
Project("{8BC9CEB8-8B4A-11D0-8D11-00A0C91BC942}") = "tetengo.trie", "library\trie\c\tetengo.trie.vcxproj", "{E14D072F-631B-4E87-BC03-57437306CD34}"
EndProject
Project("{8BC9CEB8-8B4A-11D0-8D11-00A0C91BC942}") = "tetengo.trie.cpp", "library\trie\cpp\tetengo.trie.cpp.vcxproj", "{A755F6BF-9964-4608-A0C8-9F7557D14A09}"
EndProject
Project("{8BC9CEB8-8B4A-11D0-8D11-00A0C91BC942}") = "test_tetengo.trie", "library\trie\test\test_tetengo.trie.vcxproj", "{584C5F3E-3956-4BC8-A1F7-6A8A09EDFDFB}"
EndProject
Project("{8BC9CEB8-8B4A-11D0-8D11-00A0C91BC942}") = "search_dict_c", "executable\search_dict_c\search_dict_c.vcxproj", "{6287FA8D-837B-4ADC-9DBB-5A7CF18F9546}"
EndProject
Project("{2150E333-8FDC-42A3-9474-1A3956D46DE8}") = "lattice", "lattice", "{983DE5D9-732F-4E41-87C5-EF551498AD47}"
EndProject
Project("{8BC9CEB8-8B4A-11D0-8D11-00A0C91BC942}") = "tetengo.lattice", "library\lattice\c\tetengo.lattice.vcxproj", "{2EE3983D-A0E0-429F-BC2F-5D46C93E1C81}"
EndProject
Project("{8BC9CEB8-8B4A-11D0-8D11-00A0C91BC942}") = "tetengo.lattice.cpp", "library\lattice\cpp\tetengo.lattice.cpp.vcxproj", "{65C6D977-AC51-4E28-8B15-178FBDF69168}"
EndProject
Project("{8BC9CEB8-8B4A-11D0-8D11-00A0C91BC942}") = "test_tetengo.lattice", "library\lattice\test\test_tetengo.lattice.vcxproj", "{3FED617D-365B-4DEA-ACC0-21A60741EBD3}"
EndProject
Project("{8BC9CEB8-8B4A-11D0-8D11-00A0C91BC942}") = "transfer_trains", "executable\transfer_trains\transfer_trains.vcxproj", "{8B106CC4-B645-4A2B-9807-38C8D185D40A}"
EndProject
Project("{2150E333-8FDC-42A3-9474-1A3956D46DE8}") = "json", "json", "{796F44F5-AAB1-4E90-98BF-FC60F7FD8E08}"
EndProject
Project("{8BC9CEB8-8B4A-11D0-8D11-00A0C91BC942}") = "tetengo.json", "library\json\c\tetengo.json.vcxproj", "{6A37648E-2203-4052-91DF-B8F2B2C26A04}"
EndProject
Project("{8BC9CEB8-8B4A-11D0-8D11-00A0C91BC942}") = "tetengo.json.cpp", "library\json\cpp\tetengo.json.cpp.vcxproj", "{CBA672B4-259E-4BD2-9072-1D34CF941D4C}"
EndProject
Project("{8BC9CEB8-8B4A-11D0-8D11-00A0C91BC942}") = "test_tetengo.json", "library\json\test\test_tetengo.json.vcxproj", "{0AAF49D5-D4FE-4CDA-BBC3-A1CDC25F8816}"
EndProject
Project("{2150E333-8FDC-42A3-9474-1A3956D46DE8}") = "text", "text", "{8025EE35-4F98-4CBA-8D82-E8D21E6BCB0F}"
EndProject
Project("{8BC9CEB8-8B4A-11D0-8D11-00A0C91BC942}") = "test_tetengo.text", "library\text\test\test_tetengo.text.vcxproj", "{52ACD25C-C27C-475C-9E47-46A24719B163}"
EndProject
Project("{8BC9CEB8-8B4A-11D0-8D11-00A0C91BC942}") = "tetengo.text", "library\text\c\tetengo.text.vcxproj", "{49971358-A731-4C16-943A-C66735F3B342}"
EndProject
Project("{8BC9CEB8-8B4A-11D0-8D11-00A0C91BC942}") = "tetengo.text.cpp", "library\text\cpp\tetengo.text.cpp.vcxproj", "{BE228A1E-25D5-4825-89B4-C3513F1DC559}"
EndProject
Project("{8BC9CEB8-8B4A-11D0-8D11-00A0C91BC942}") = "json2timetable", "executable\json2timetable\json2timetable.vcxproj", "{EB5E3C27-4233-4BB2-A64A-66962EB663AD}"
EndProject
Project("{2150E333-8FDC-42A3-9474-1A3956D46DE8}") = "platform_dependent", "platform_dependent", "{C7B68D75-9EFA-4708-B4DA-A8473357579D}"
EndProject
Project("{8BC9CEB8-8B4A-11D0-8D11-00A0C91BC942}") = "tetengo.platform_dependent.cpp", "library\platform_dependent\cpp\tetengo.platform_dependent.cpp.vcxproj", "{3AAEA971-DC2B-40D6-830C-B0D6A3368A7A}"
EndProject
Project("{8BC9CEB8-8B4A-11D0-8D11-00A0C91BC942}") = "test_tetengo.platform_dependent", "library\platform_dependent\test\test_tetengo.platform_dependent.vcxproj", "{3C7661CA-2B8C-47A6-A722-FC9DDE182425}"
EndProject
Global
	GlobalSection(SolutionConfigurationPlatforms) = preSolution
		Debug|x64 = Debug|x64
		Debug|x86 = Debug|x86
		Release|x64 = Release|x64
		Release|x86 = Release|x86
	EndGlobalSection
	GlobalSection(ProjectConfigurationPlatforms) = postSolution
		{15803B5C-8845-4325-819B-B09E40B8826E}.Debug|x64.ActiveCfg = Debug|x64
		{15803B5C-8845-4325-819B-B09E40B8826E}.Debug|x64.Build.0 = Debug|x64
		{15803B5C-8845-4325-819B-B09E40B8826E}.Debug|x86.ActiveCfg = Debug|Win32
		{15803B5C-8845-4325-819B-B09E40B8826E}.Debug|x86.Build.0 = Debug|Win32
		{15803B5C-8845-4325-819B-B09E40B8826E}.Release|x64.ActiveCfg = Release|x64
		{15803B5C-8845-4325-819B-B09E40B8826E}.Release|x64.Build.0 = Release|x64
		{15803B5C-8845-4325-819B-B09E40B8826E}.Release|x86.ActiveCfg = Release|Win32
		{15803B5C-8845-4325-819B-B09E40B8826E}.Release|x86.Build.0 = Release|Win32
		{D23815A4-4916-4C12-8DFA-CF6F4A8E51BB}.Debug|x64.ActiveCfg = Debug|x64
		{D23815A4-4916-4C12-8DFA-CF6F4A8E51BB}.Debug|x64.Build.0 = Debug|x64
		{D23815A4-4916-4C12-8DFA-CF6F4A8E51BB}.Debug|x86.ActiveCfg = Debug|Win32
		{D23815A4-4916-4C12-8DFA-CF6F4A8E51BB}.Debug|x86.Build.0 = Debug|Win32
		{D23815A4-4916-4C12-8DFA-CF6F4A8E51BB}.Release|x64.ActiveCfg = Release|x64
		{D23815A4-4916-4C12-8DFA-CF6F4A8E51BB}.Release|x64.Build.0 = Release|x64
		{D23815A4-4916-4C12-8DFA-CF6F4A8E51BB}.Release|x86.ActiveCfg = Release|Win32
		{D23815A4-4916-4C12-8DFA-CF6F4A8E51BB}.Release|x86.Build.0 = Release|Win32
		{E14D072F-631B-4E87-BC03-57437306CD34}.Debug|x64.ActiveCfg = Debug|x64
		{E14D072F-631B-4E87-BC03-57437306CD34}.Debug|x64.Build.0 = Debug|x64
		{E14D072F-631B-4E87-BC03-57437306CD34}.Debug|x86.ActiveCfg = Debug|Win32
		{E14D072F-631B-4E87-BC03-57437306CD34}.Debug|x86.Build.0 = Debug|Win32
		{E14D072F-631B-4E87-BC03-57437306CD34}.Release|x64.ActiveCfg = Release|x64
		{E14D072F-631B-4E87-BC03-57437306CD34}.Release|x64.Build.0 = Release|x64
		{E14D072F-631B-4E87-BC03-57437306CD34}.Release|x86.ActiveCfg = Release|Win32
		{E14D072F-631B-4E87-BC03-57437306CD34}.Release|x86.Build.0 = Release|Win32
		{A755F6BF-9964-4608-A0C8-9F7557D14A09}.Debug|x64.ActiveCfg = Debug|x64
		{A755F6BF-9964-4608-A0C8-9F7557D14A09}.Debug|x64.Build.0 = Debug|x64
		{A755F6BF-9964-4608-A0C8-9F7557D14A09}.Debug|x86.ActiveCfg = Debug|Win32
		{A755F6BF-9964-4608-A0C8-9F7557D14A09}.Debug|x86.Build.0 = Debug|Win32
		{A755F6BF-9964-4608-A0C8-9F7557D14A09}.Release|x64.ActiveCfg = Release|x64
		{A755F6BF-9964-4608-A0C8-9F7557D14A09}.Release|x64.Build.0 = Release|x64
		{A755F6BF-9964-4608-A0C8-9F7557D14A09}.Release|x86.ActiveCfg = Release|Win32
		{A755F6BF-9964-4608-A0C8-9F7557D14A09}.Release|x86.Build.0 = Release|Win32
		{584C5F3E-3956-4BC8-A1F7-6A8A09EDFDFB}.Debug|x64.ActiveCfg = Debug|x64
		{584C5F3E-3956-4BC8-A1F7-6A8A09EDFDFB}.Debug|x64.Build.0 = Debug|x64
		{584C5F3E-3956-4BC8-A1F7-6A8A09EDFDFB}.Debug|x86.ActiveCfg = Debug|Win32
		{584C5F3E-3956-4BC8-A1F7-6A8A09EDFDFB}.Debug|x86.Build.0 = Debug|Win32
		{584C5F3E-3956-4BC8-A1F7-6A8A09EDFDFB}.Release|x64.ActiveCfg = Release|x64
		{584C5F3E-3956-4BC8-A1F7-6A8A09EDFDFB}.Release|x64.Build.0 = Release|x64
		{584C5F3E-3956-4BC8-A1F7-6A8A09EDFDFB}.Release|x86.ActiveCfg = Release|Win32
		{584C5F3E-3956-4BC8-A1F7-6A8A09EDFDFB}.Release|x86.Build.0 = Release|Win32
		{6287FA8D-837B-4ADC-9DBB-5A7CF18F9546}.Debug|x64.ActiveCfg = Debug|x64
		{6287FA8D-837B-4ADC-9DBB-5A7CF18F9546}.Debug|x64.Build.0 = Debug|x64
		{6287FA8D-837B-4ADC-9DBB-5A7CF18F9546}.Debug|x86.ActiveCfg = Debug|Win32
		{6287FA8D-837B-4ADC-9DBB-5A7CF18F9546}.Debug|x86.Build.0 = Debug|Win32
		{6287FA8D-837B-4ADC-9DBB-5A7CF18F9546}.Release|x64.ActiveCfg = Release|x64
		{6287FA8D-837B-4ADC-9DBB-5A7CF18F9546}.Release|x64.Build.0 = Release|x64
		{6287FA8D-837B-4ADC-9DBB-5A7CF18F9546}.Release|x86.ActiveCfg = Release|Win32
		{6287FA8D-837B-4ADC-9DBB-5A7CF18F9546}.Release|x86.Build.0 = Release|Win32
		{2EE3983D-A0E0-429F-BC2F-5D46C93E1C81}.Debug|x64.ActiveCfg = Debug|x64
		{2EE3983D-A0E0-429F-BC2F-5D46C93E1C81}.Debug|x64.Build.0 = Debug|x64
		{2EE3983D-A0E0-429F-BC2F-5D46C93E1C81}.Debug|x86.ActiveCfg = Debug|Win32
		{2EE3983D-A0E0-429F-BC2F-5D46C93E1C81}.Debug|x86.Build.0 = Debug|Win32
		{2EE3983D-A0E0-429F-BC2F-5D46C93E1C81}.Release|x64.ActiveCfg = Release|x64
		{2EE3983D-A0E0-429F-BC2F-5D46C93E1C81}.Release|x64.Build.0 = Release|x64
		{2EE3983D-A0E0-429F-BC2F-5D46C93E1C81}.Release|x86.ActiveCfg = Release|Win32
		{2EE3983D-A0E0-429F-BC2F-5D46C93E1C81}.Release|x86.Build.0 = Release|Win32
		{65C6D977-AC51-4E28-8B15-178FBDF69168}.Debug|x64.ActiveCfg = Debug|x64
		{65C6D977-AC51-4E28-8B15-178FBDF69168}.Debug|x64.Build.0 = Debug|x64
		{65C6D977-AC51-4E28-8B15-178FBDF69168}.Debug|x86.ActiveCfg = Debug|Win32
		{65C6D977-AC51-4E28-8B15-178FBDF69168}.Debug|x86.Build.0 = Debug|Win32
		{65C6D977-AC51-4E28-8B15-178FBDF69168}.Release|x64.ActiveCfg = Release|x64
		{65C6D977-AC51-4E28-8B15-178FBDF69168}.Release|x64.Build.0 = Release|x64
		{65C6D977-AC51-4E28-8B15-178FBDF69168}.Release|x86.ActiveCfg = Release|Win32
		{65C6D977-AC51-4E28-8B15-178FBDF69168}.Release|x86.Build.0 = Release|Win32
		{3FED617D-365B-4DEA-ACC0-21A60741EBD3}.Debug|x64.ActiveCfg = Debug|x64
		{3FED617D-365B-4DEA-ACC0-21A60741EBD3}.Debug|x64.Build.0 = Debug|x64
		{3FED617D-365B-4DEA-ACC0-21A60741EBD3}.Debug|x86.ActiveCfg = Debug|Win32
		{3FED617D-365B-4DEA-ACC0-21A60741EBD3}.Debug|x86.Build.0 = Debug|Win32
		{3FED617D-365B-4DEA-ACC0-21A60741EBD3}.Release|x64.ActiveCfg = Release|x64
		{3FED617D-365B-4DEA-ACC0-21A60741EBD3}.Release|x64.Build.0 = Release|x64
		{3FED617D-365B-4DEA-ACC0-21A60741EBD3}.Release|x86.ActiveCfg = Release|Win32
		{3FED617D-365B-4DEA-ACC0-21A60741EBD3}.Release|x86.Build.0 = Release|Win32
		{8B106CC4-B645-4A2B-9807-38C8D185D40A}.Debug|x64.ActiveCfg = Debug|x64
		{8B106CC4-B645-4A2B-9807-38C8D185D40A}.Debug|x64.Build.0 = Debug|x64
		{8B106CC4-B645-4A2B-9807-38C8D185D40A}.Debug|x86.ActiveCfg = Debug|Win32
		{8B106CC4-B645-4A2B-9807-38C8D185D40A}.Debug|x86.Build.0 = Debug|Win32
		{8B106CC4-B645-4A2B-9807-38C8D185D40A}.Release|x64.ActiveCfg = Release|x64
		{8B106CC4-B645-4A2B-9807-38C8D185D40A}.Release|x64.Build.0 = Release|x64
		{8B106CC4-B645-4A2B-9807-38C8D185D40A}.Release|x86.ActiveCfg = Release|Win32
		{8B106CC4-B645-4A2B-9807-38C8D185D40A}.Release|x86.Build.0 = Release|Win32
		{6A37648E-2203-4052-91DF-B8F2B2C26A04}.Debug|x64.ActiveCfg = Debug|x64
		{6A37648E-2203-4052-91DF-B8F2B2C26A04}.Debug|x64.Build.0 = Debug|x64
		{6A37648E-2203-4052-91DF-B8F2B2C26A04}.Debug|x86.ActiveCfg = Debug|Win32
		{6A37648E-2203-4052-91DF-B8F2B2C26A04}.Debug|x86.Build.0 = Debug|Win32
		{6A37648E-2203-4052-91DF-B8F2B2C26A04}.Release|x64.ActiveCfg = Release|x64
		{6A37648E-2203-4052-91DF-B8F2B2C26A04}.Release|x64.Build.0 = Release|x64
		{6A37648E-2203-4052-91DF-B8F2B2C26A04}.Release|x86.ActiveCfg = Release|Win32
		{6A37648E-2203-4052-91DF-B8F2B2C26A04}.Release|x86.Build.0 = Release|Win32
		{CBA672B4-259E-4BD2-9072-1D34CF941D4C}.Debug|x64.ActiveCfg = Debug|x64
		{CBA672B4-259E-4BD2-9072-1D34CF941D4C}.Debug|x64.Build.0 = Debug|x64
		{CBA672B4-259E-4BD2-9072-1D34CF941D4C}.Debug|x86.ActiveCfg = Debug|Win32
		{CBA672B4-259E-4BD2-9072-1D34CF941D4C}.Debug|x86.Build.0 = Debug|Win32
		{CBA672B4-259E-4BD2-9072-1D34CF941D4C}.Release|x64.ActiveCfg = Release|x64
		{CBA672B4-259E-4BD2-9072-1D34CF941D4C}.Release|x64.Build.0 = Release|x64
		{CBA672B4-259E-4BD2-9072-1D34CF941D4C}.Release|x86.ActiveCfg = Release|Win32
		{CBA672B4-259E-4BD2-9072-1D34CF941D4C}.Release|x86.Build.0 = Release|Win32
		{0AAF49D5-D4FE-4CDA-BBC3-A1CDC25F8816}.Debug|x64.ActiveCfg = Debug|x64
		{0AAF49D5-D4FE-4CDA-BBC3-A1CDC25F8816}.Debug|x64.Build.0 = Debug|x64
		{0AAF49D5-D4FE-4CDA-BBC3-A1CDC25F8816}.Debug|x86.ActiveCfg = Debug|Win32
		{0AAF49D5-D4FE-4CDA-BBC3-A1CDC25F8816}.Debug|x86.Build.0 = Debug|Win32
		{0AAF49D5-D4FE-4CDA-BBC3-A1CDC25F8816}.Release|x64.ActiveCfg = Release|x64
		{0AAF49D5-D4FE-4CDA-BBC3-A1CDC25F8816}.Release|x64.Build.0 = Release|x64
		{0AAF49D5-D4FE-4CDA-BBC3-A1CDC25F8816}.Release|x86.ActiveCfg = Release|Win32
		{0AAF49D5-D4FE-4CDA-BBC3-A1CDC25F8816}.Release|x86.Build.0 = Release|Win32
		{52ACD25C-C27C-475C-9E47-46A24719B163}.Debug|x64.ActiveCfg = Debug|x64
		{52ACD25C-C27C-475C-9E47-46A24719B163}.Debug|x64.Build.0 = Debug|x64
		{52ACD25C-C27C-475C-9E47-46A24719B163}.Debug|x86.ActiveCfg = Debug|Win32
		{52ACD25C-C27C-475C-9E47-46A24719B163}.Debug|x86.Build.0 = Debug|Win32
		{52ACD25C-C27C-475C-9E47-46A24719B163}.Release|x64.ActiveCfg = Release|x64
		{52ACD25C-C27C-475C-9E47-46A24719B163}.Release|x64.Build.0 = Release|x64
		{52ACD25C-C27C-475C-9E47-46A24719B163}.Release|x86.ActiveCfg = Release|Win32
		{52ACD25C-C27C-475C-9E47-46A24719B163}.Release|x86.Build.0 = Release|Win32
		{49971358-A731-4C16-943A-C66735F3B342}.Debug|x64.ActiveCfg = Debug|x64
		{49971358-A731-4C16-943A-C66735F3B342}.Debug|x64.Build.0 = Debug|x64
		{49971358-A731-4C16-943A-C66735F3B342}.Debug|x86.ActiveCfg = Debug|Win32
		{49971358-A731-4C16-943A-C66735F3B342}.Debug|x86.Build.0 = Debug|Win32
		{49971358-A731-4C16-943A-C66735F3B342}.Release|x64.ActiveCfg = Release|x64
		{49971358-A731-4C16-943A-C66735F3B342}.Release|x64.Build.0 = Release|x64
		{49971358-A731-4C16-943A-C66735F3B342}.Release|x86.ActiveCfg = Release|Win32
		{49971358-A731-4C16-943A-C66735F3B342}.Release|x86.Build.0 = Release|Win32
		{BE228A1E-25D5-4825-89B4-C3513F1DC559}.Debug|x64.ActiveCfg = Debug|x64
		{BE228A1E-25D5-4825-89B4-C3513F1DC559}.Debug|x64.Build.0 = Debug|x64
		{BE228A1E-25D5-4825-89B4-C3513F1DC559}.Debug|x86.ActiveCfg = Debug|Win32
		{BE228A1E-25D5-4825-89B4-C3513F1DC559}.Debug|x86.Build.0 = Debug|Win32
		{BE228A1E-25D5-4825-89B4-C3513F1DC559}.Release|x64.ActiveCfg = Release|x64
		{BE228A1E-25D5-4825-89B4-C3513F1DC559}.Release|x64.Build.0 = Release|x64
		{BE228A1E-25D5-4825-89B4-C3513F1DC559}.Release|x86.ActiveCfg = Release|Win32
		{BE228A1E-25D5-4825-89B4-C3513F1DC559}.Release|x86.Build.0 = Release|Win32
		{EB5E3C27-4233-4BB2-A64A-66962EB663AD}.Debug|x64.ActiveCfg = Debug|x64
		{EB5E3C27-4233-4BB2-A64A-66962EB663AD}.Debug|x64.Build.0 = Debug|x64
		{EB5E3C27-4233-4BB2-A64A-66962EB663AD}.Debug|x86.ActiveCfg = Debug|Win32
		{EB5E3C27-4233-4BB2-A64A-66962EB663AD}.Debug|x86.Build.0 = Debug|Win32
		{EB5E3C27-4233-4BB2-A64A-66962EB663AD}.Release|x64.ActiveCfg = Release|x64
		{EB5E3C27-4233-4BB2-A64A-66962EB663AD}.Release|x64.Build.0 = Release|x64
		{EB5E3C27-4233-4BB2-A64A-66962EB663AD}.Release|x86.ActiveCfg = Release|Win32
		{EB5E3C27-4233-4BB2-A64A-66962EB663AD}.Release|x86.Build.0 = Release|Win32
		{3AAEA971-DC2B-40D6-830C-B0D6A3368A7A}.Debug|x64.ActiveCfg = Debug|x64
		{3AAEA971-DC2B-40D6-830C-B0D6A3368A7A}.Debug|x64.Build.0 = Debug|x64
		{3AAEA971-DC2B-40D6-830C-B0D6A3368A7A}.Debug|x86.ActiveCfg = Debug|Win32
		{3AAEA971-DC2B-40D6-830C-B0D6A3368A7A}.Debug|x86.Build.0 = Debug|Win32
		{3AAEA971-DC2B-40D6-830C-B0D6A3368A7A}.Release|x64.ActiveCfg = Release|x64
		{3AAEA971-DC2B-40D6-830C-B0D6A3368A7A}.Release|x64.Build.0 = Release|x64
		{3AAEA971-DC2B-40D6-830C-B0D6A3368A7A}.Release|x86.ActiveCfg = Release|Win32
		{3AAEA971-DC2B-40D6-830C-B0D6A3368A7A}.Release|x86.Build.0 = Release|Win32
		{3C7661CA-2B8C-47A6-A722-FC9DDE182425}.Debug|x64.ActiveCfg = Debug|x64
		{3C7661CA-2B8C-47A6-A722-FC9DDE182425}.Debug|x64.Build.0 = Debug|x64
		{3C7661CA-2B8C-47A6-A722-FC9DDE182425}.Debug|x86.ActiveCfg = Debug|Win32
		{3C7661CA-2B8C-47A6-A722-FC9DDE182425}.Debug|x86.Build.0 = Debug|Win32
		{3C7661CA-2B8C-47A6-A722-FC9DDE182425}.Release|x64.ActiveCfg = Release|x64
		{3C7661CA-2B8C-47A6-A722-FC9DDE182425}.Release|x64.Build.0 = Release|x64
		{3C7661CA-2B8C-47A6-A722-FC9DDE182425}.Release|x86.ActiveCfg = Release|Win32
		{3C7661CA-2B8C-47A6-A722-FC9DDE182425}.Release|x86.Build.0 = Release|Win32
	EndGlobalSection
	GlobalSection(SolutionProperties) = preSolution
		HideSolutionNode = FALSE
	EndGlobalSection
	GlobalSection(NestedProjects) = preSolution
		{61A0CE42-96A0-4578-A035-17D62CE4A691} = {43A6A26D-0B13-4B60-9DBD-6113E56F9E76}
		{15803B5C-8845-4325-819B-B09E40B8826E} = {721A442D-34D8-457A-8D07-D21EB2C6A04C}
		{D23815A4-4916-4C12-8DFA-CF6F4A8E51BB} = {721A442D-34D8-457A-8D07-D21EB2C6A04C}
		{E14D072F-631B-4E87-BC03-57437306CD34} = {61A0CE42-96A0-4578-A035-17D62CE4A691}
		{A755F6BF-9964-4608-A0C8-9F7557D14A09} = {61A0CE42-96A0-4578-A035-17D62CE4A691}
		{584C5F3E-3956-4BC8-A1F7-6A8A09EDFDFB} = {61A0CE42-96A0-4578-A035-17D62CE4A691}
		{6287FA8D-837B-4ADC-9DBB-5A7CF18F9546} = {721A442D-34D8-457A-8D07-D21EB2C6A04C}
		{983DE5D9-732F-4E41-87C5-EF551498AD47} = {43A6A26D-0B13-4B60-9DBD-6113E56F9E76}
		{2EE3983D-A0E0-429F-BC2F-5D46C93E1C81} = {983DE5D9-732F-4E41-87C5-EF551498AD47}
		{65C6D977-AC51-4E28-8B15-178FBDF69168} = {983DE5D9-732F-4E41-87C5-EF551498AD47}
		{3FED617D-365B-4DEA-ACC0-21A60741EBD3} = {983DE5D9-732F-4E41-87C5-EF551498AD47}
		{8B106CC4-B645-4A2B-9807-38C8D185D40A} = {721A442D-34D8-457A-8D07-D21EB2C6A04C}
		{796F44F5-AAB1-4E90-98BF-FC60F7FD8E08} = {43A6A26D-0B13-4B60-9DBD-6113E56F9E76}
		{6A37648E-2203-4052-91DF-B8F2B2C26A04} = {796F44F5-AAB1-4E90-98BF-FC60F7FD8E08}
		{CBA672B4-259E-4BD2-9072-1D34CF941D4C} = {796F44F5-AAB1-4E90-98BF-FC60F7FD8E08}
		{0AAF49D5-D4FE-4CDA-BBC3-A1CDC25F8816} = {796F44F5-AAB1-4E90-98BF-FC60F7FD8E08}
		{8025EE35-4F98-4CBA-8D82-E8D21E6BCB0F} = {43A6A26D-0B13-4B60-9DBD-6113E56F9E76}
		{52ACD25C-C27C-475C-9E47-46A24719B163} = {8025EE35-4F98-4CBA-8D82-E8D21E6BCB0F}
		{49971358-A731-4C16-943A-C66735F3B342} = {8025EE35-4F98-4CBA-8D82-E8D21E6BCB0F}
		{BE228A1E-25D5-4825-89B4-C3513F1DC559} = {8025EE35-4F98-4CBA-8D82-E8D21E6BCB0F}
		{EB5E3C27-4233-4BB2-A64A-66962EB663AD} = {721A442D-34D8-457A-8D07-D21EB2C6A04C}
		{C7B68D75-9EFA-4708-B4DA-A8473357579D} = {43A6A26D-0B13-4B60-9DBD-6113E56F9E76}
		{3AAEA971-DC2B-40D6-830C-B0D6A3368A7A} = {C7B68D75-9EFA-4708-B4DA-A8473357579D}
		{3C7661CA-2B8C-47A6-A722-FC9DDE182425} = {C7B68D75-9EFA-4708-B4DA-A8473357579D}
	EndGlobalSection
	GlobalSection(ExtensibilityGlobals) = postSolution
		SolutionGuid = {E1FDB91A-BB78-49E0-8D13-17726804EA86}
	EndGlobalSection
EndGlobal
