<?xml version="1.0" encoding="utf-8"?>
<Project ToolsVersion="4.0" xmlns="http://schemas.microsoft.com/developer/msbuild/2003">
  <ItemGroup>
    <Filter Include="src">
      <UniqueIdentifier>{4FC737F1-C7A5-4376-A066-2A32D752A2FF}</UniqueIdentifier>
      <Extensions>cpp;c;cc;cxx;c++;cppm;ixx;def;odl;idl;hpj;bat;asm;asmx</Extensions>
    </Filter>
    <Filter Include="res">
      <UniqueIdentifier>{67c0c217-4fb8-49ef-899c-762228c540c1}</UniqueIdentifier>
    </Filter>
  </ItemGroup>
  <ItemGroup>
    <None Include="generate_content_wxs.py">
      <Filter>src</Filter>
    </None>
    <None Include="generate_content_wxs_source.py">
      <Filter>src</Filter>
    </None>
    <None Include="main.wxs">
      <Filter>src</Filter>
    </None>
    <None Include="Makefile.nmake">
      <Filter>src</Filter>
    </None>
    <None Include="COPYING.rtf">
      <Filter>res</Filter>
    </None>
    <None Include="copy_libimage_files.py">
      <Filter>src</Filter>
    </None>
  </ItemGroup>
  <ItemGroup>
    <Text Include="files_to_install.txt">
      <Filter>src</Filter>
    </Text>
    <Text Include="envvars_to_install.txt">
      <Filter>src</Filter>
    </Text>
  </ItemGroup>
</Project>